
Microsoft Visual Studio Solution File, Format Version 12.00
Project("{2150E333-8FDC-42A3-9474-1A3956D46DE8}") = "src", "src", "{1D611AA9-16D6-4583-BD07-A106F682398C}"
EndProject
Project("{2150E333-8FDC-42A3-9474-1A3956D46DE8}") = "Service", "Service", "{765CE102-879C-4846-A0A5-7F664F2B86B1}"
EndProject
Project("{2150E333-8FDC-42A3-9474-1A3956D46DE8}") = "API", "API", "{64E3CBF0-8652-4A24-8CAD-D2ACA0B61760}"
EndProject
Project("{2150E333-8FDC-42A3-9474-1A3956D46DE8}") = "_BuildingBlocks", "_BuildingBlocks", "{BA4F7219-C6F8-417C-B92E-7721763E422E}"
EndProject
Project("{FAE04EC0-301F-11D3-BF4B-00C04F79EFBC}") = "DemoLogger.API", "src\DemoLogger.API\DemoLogger.API.csproj", "{1AED832C-A940-4942-9828-247755BDE4A9}"
EndProject
Project("{FAE04EC0-301F-11D3-BF4B-00C04F79EFBC}") = "DemoLogger.AspNetExtensions", "src\BuildingBlocks\DemoLogger.AspNetExtensions\DemoLogger.AspNetExtensions.csproj", "{F56298CF-0B32-44C1-B5E5-8CE53AF75C36}"
EndProject
Project("{FAE04EC0-301F-11D3-BF4B-00C04F79EFBC}") = "Common.Core", "src\BuildingBlocks\Common.Core\Common.Core.csproj", "{226BC3EB-3EEF-480A-8160-970D81FAA0FF}"
EndProject
Project("{FAE04EC0-301F-11D3-BF4B-00C04F79EFBC}") = "Common.Domain.Abstractions", "src\BuildingBlocks\Common.Domain.Abstractions\Common.Domain.Abstractions.csproj", "{5F632109-8359-44AE-AB42-5D4DC0A2E4C5}"
EndProject
Project("{FAE04EC0-301F-11D3-BF4B-00C04F79EFBC}") = "Common.Infrastructure.Core", "src\BuildingBlocks\Common.Infrastructure.Core\Common.Infrastructure.Core.csproj", "{E4582F12-3962-499A-AC51-106D118132F9}"
EndProject
Project("{FAE04EC0-301F-11D3-BF4B-00C04F79EFBC}") = "DemoLogger.Infrastructure", "src\DemoLogger.Infrastructure\DemoLogger.Infrastructure.csproj", "{D8A3B7BF-9142-41DC-B258-5DC43EC672DE}"
EndProject
Project("{FAE04EC0-301F-11D3-BF4B-00C04F79EFBC}") = "DemoLogger.Domain", "src\DemoLogger.Domain\DemoLogger.Domain.csproj", "{73703C32-030E-47F7-B5C8-609AA8B3FB99}"
EndProject
Project("{FAE04EC0-301F-11D3-BF4B-00C04F79EFBC}") = "DemoLogger.Application", "src\DemoLogger.Application\DemoLogger.Application.csproj", "{639E5DF2-E687-4ED7-A247-16DCD18C34AB}"
EndProject
Global
	GlobalSection(SolutionConfigurationPlatforms) = preSolution
		Debug|Any CPU = Debug|Any CPU
		Release|Any CPU = Release|Any CPU
	EndGlobalSection
	GlobalSection(NestedProjects) = preSolution
		{765CE102-879C-4846-A0A5-7F664F2B86B1} = {1D611AA9-16D6-4583-BD07-A106F682398C}
		{64E3CBF0-8652-4A24-8CAD-D2ACA0B61760} = {765CE102-879C-4846-A0A5-7F664F2B86B1}
		{BA4F7219-C6F8-417C-B92E-7721763E422E} = {1D611AA9-16D6-4583-BD07-A106F682398C}
		{1AED832C-A940-4942-9828-247755BDE4A9} = {64E3CBF0-8652-4A24-8CAD-D2ACA0B61760}
		{F56298CF-0B32-44C1-B5E5-8CE53AF75C36} = {BA4F7219-C6F8-417C-B92E-7721763E422E}
		{226BC3EB-3EEF-480A-8160-970D81FAA0FF} = {BA4F7219-C6F8-417C-B92E-7721763E422E}
		{5F632109-8359-44AE-AB42-5D4DC0A2E4C5} = {BA4F7219-C6F8-417C-B92E-7721763E422E}
		{E4582F12-3962-499A-AC51-106D118132F9} = {BA4F7219-C6F8-417C-B92E-7721763E422E}
		{D8A3B7BF-9142-41DC-B258-5DC43EC672DE} = {64E3CBF0-8652-4A24-8CAD-D2ACA0B61760}
		{73703C32-030E-47F7-B5C8-609AA8B3FB99} = {64E3CBF0-8652-4A24-8CAD-D2ACA0B61760}
		{639E5DF2-E687-4ED7-A247-16DCD18C34AB} = {64E3CBF0-8652-4A24-8CAD-D2ACA0B61760}
	EndGlobalSection
	GlobalSection(ProjectConfigurationPlatforms) = postSolution
		{1AED832C-A940-4942-9828-247755BDE4A9}.Debug|Any CPU.ActiveCfg = Debug|Any CPU
		{1AED832C-A940-4942-9828-247755BDE4A9}.Debug|Any CPU.Build.0 = Debug|Any CPU
		{1AED832C-A940-4942-9828-247755BDE4A9}.Release|Any CPU.ActiveCfg = Release|Any CPU
		{1AED832C-A940-4942-9828-247755BDE4A9}.Release|Any CPU.Build.0 = Release|Any CPU
		{F56298CF-0B32-44C1-B5E5-8CE53AF75C36}.Debug|Any CPU.ActiveCfg = Debug|Any CPU
		{F56298CF-0B32-44C1-B5E5-8CE53AF75C36}.Debug|Any CPU.Build.0 = Debug|Any CPU
		{F56298CF-0B32-44C1-B5E5-8CE53AF75C36}.Release|Any CPU.ActiveCfg = Release|Any CPU
		{F56298CF-0B32-44C1-B5E5-8CE53AF75C36}.Release|Any CPU.Build.0 = Release|Any CPU
		{226BC3EB-3EEF-480A-8160-970D81FAA0FF}.Debug|Any CPU.ActiveCfg = Debug|Any CPU
		{226BC3EB-3EEF-480A-8160-970D81FAA0FF}.Debug|Any CPU.Build.0 = Debug|Any CPU
		{226BC3EB-3EEF-480A-8160-970D81FAA0FF}.Release|Any CPU.ActiveCfg = Release|Any CPU
		{226BC3EB-3EEF-480A-8160-970D81FAA0FF}.Release|Any CPU.Build.0 = Release|Any CPU
		{5F632109-8359-44AE-AB42-5D4DC0A2E4C5}.Debug|Any CPU.ActiveCfg = Debug|Any CPU
		{5F632109-8359-44AE-AB42-5D4DC0A2E4C5}.Debug|Any CPU.Build.0 = Debug|Any CPU
		{5F632109-8359-44AE-AB42-5D4DC0A2E4C5}.Release|Any CPU.ActiveCfg = Release|Any CPU
		{5F632109-8359-44AE-AB42-5D4DC0A2E4C5}.Release|Any CPU.Build.0 = Release|Any CPU
		{E4582F12-3962-499A-AC51-106D118132F9}.Debug|Any CPU.ActiveCfg = Debug|Any CPU
		{E4582F12-3962-499A-AC51-106D118132F9}.Debug|Any CPU.Build.0 = Debug|Any CPU
		{E4582F12-3962-499A-AC51-106D118132F9}.Release|Any CPU.ActiveCfg = Release|Any CPU
		{E4582F12-3962-499A-AC51-106D118132F9}.Release|Any CPU.Build.0 = Release|Any CPU
		{D8A3B7BF-9142-41DC-B258-5DC43EC672DE}.Debug|Any CPU.ActiveCfg = Debug|Any CPU
		{D8A3B7BF-9142-41DC-B258-5DC43EC672DE}.Debug|Any CPU.Build.0 = Debug|Any CPU
		{D8A3B7BF-9142-41DC-B258-5DC43EC672DE}.Release|Any CPU.ActiveCfg = Release|Any CPU
		{D8A3B7BF-9142-41DC-B258-5DC43EC672DE}.Release|Any CPU.Build.0 = Release|Any CPU
		{73703C32-030E-47F7-B5C8-609AA8B3FB99}.Debug|Any CPU.ActiveCfg = Debug|Any CPU
		{73703C32-030E-47F7-B5C8-609AA8B3FB99}.Debug|Any CPU.Build.0 = Debug|Any CPU
		{73703C32-030E-47F7-B5C8-609AA8B3FB99}.Release|Any CPU.ActiveCfg = Release|Any CPU
		{73703C32-030E-47F7-B5C8-609AA8B3FB99}.Release|Any CPU.Build.0 = Release|Any CPU
		{639E5DF2-E687-4ED7-A247-16DCD18C34AB}.Debug|Any CPU.ActiveCfg = Debug|Any CPU
		{639E5DF2-E687-4ED7-A247-16DCD18C34AB}.Debug|Any CPU.Build.0 = Debug|Any CPU
		{639E5DF2-E687-4ED7-A247-16DCD18C34AB}.Release|Any CPU.ActiveCfg = Release|Any CPU
		{639E5DF2-E687-4ED7-A247-16DCD18C34AB}.Release|Any CPU.Build.0 = Release|Any CPU
	EndGlobalSection
EndGlobal
